
Microsoft Visual Studio Solution File, Format Version 12.00
# Visual Studio Version 17
VisualStudioVersion = 17.11.35219.272
MinimumVisualStudioVersion = 10.0.40219.1
Project("{FAE04EC0-301F-11D3-BF4B-00C04F79EFBC}") = "Promcoser.API", "Promcoser.API\Promcoser.API.csproj", "{B3E9F60A-6129-455E-95B8-A385EFF6C231}"
EndProject
Project("{FAE04EC0-301F-11D3-BF4B-00C04F79EFBC}") = "Promcoser.DOMAIN", "Promcoser.DOMAIN\Promcoser.DOMAIN.csproj", "{6851E33A-A782-4D2D-BEA4-0CB838CDFDED}"
EndProject
Global
	GlobalSection(SolutionConfigurationPlatforms) = preSolution
		Debug|Any CPU = Debug|Any CPU
		Release|Any CPU = Release|Any CPU
	EndGlobalSection
	GlobalSection(ProjectConfigurationPlatforms) = postSolution
		{B3E9F60A-6129-455E-95B8-A385EFF6C231}.Debug|Any CPU.ActiveCfg = Debug|Any CPU
		{B3E9F60A-6129-455E-95B8-A385EFF6C231}.Debug|Any CPU.Build.0 = Debug|Any CPU
		{B3E9F60A-6129-455E-95B8-A385EFF6C231}.Release|Any CPU.ActiveCfg = Release|Any CPU
		{B3E9F60A-6129-455E-95B8-A385EFF6C231}.Release|Any CPU.Build.0 = Release|Any CPU
		{6851E33A-A782-4D2D-BEA4-0CB838CDFDED}.Debug|Any CPU.ActiveCfg = Debug|Any CPU
		{6851E33A-A782-4D2D-BEA4-0CB838CDFDED}.Debug|Any CPU.Build.0 = Debug|Any CPU
		{6851E33A-A782-4D2D-BEA4-0CB838CDFDED}.Release|Any CPU.ActiveCfg = Release|Any CPU
		{6851E33A-A782-4D2D-BEA4-0CB838CDFDED}.Release|Any CPU.Build.0 = Release|Any CPU
	EndGlobalSection
	GlobalSection(SolutionProperties) = preSolution
		HideSolutionNode = FALSE
	EndGlobalSection
	GlobalSection(ExtensibilityGlobals) = postSolution
		SolutionGuid = {3E936286-B183-4D80-AA2A-CD01D357895D}
	EndGlobalSection
EndGlobal
